
Microsoft Visual Studio Solution File, Format Version 12.00
# Visual Studio Version 17
VisualStudioVersion = 17.13.35825.156 d17.13
MinimumVisualStudioVersion = 10.0.40219.1
Project("{FAE04EC0-301F-11D3-BF4B-00C04F79EFBC}") = "Tic-Tac-Toe", "Tic-Tac-Toe\Tic-Tac-Toe.csproj", "{04E7C500-92F6-4407-8D0A-0DDFC7877342}"
EndProject
Global
	GlobalSection(SolutionConfigurationPlatforms) = preSolution
		Debug|Any CPU = Debug|Any CPU
		Release|Any CPU = Release|Any CPU
	EndGlobalSection
	GlobalSection(ProjectConfigurationPlatforms) = postSolution
		{04E7C500-92F6-4407-8D0A-0DDFC7877342}.Debug|Any CPU.ActiveCfg = Debug|Any CPU
		{04E7C500-92F6-4407-8D0A-0DDFC7877342}.Debug|Any CPU.Build.0 = Debug|Any CPU
		{04E7C500-92F6-4407-8D0A-0DDFC7877342}.Release|Any CPU.ActiveCfg = Release|Any CPU
		{04E7C500-92F6-4407-8D0A-0DDFC7877342}.Release|Any CPU.Build.0 = Release|Any CPU
	EndGlobalSection
	GlobalSection(SolutionProperties) = preSolution
		HideSolutionNode = FALSE
	EndGlobalSection
	GlobalSection(ExtensibilityGlobals) = postSolution
		SolutionGuid = {D51A458E-593B-438C-9254-E4BCD8EE5649}
	EndGlobalSection
EndGlobal
